
Microsoft Visual Studio Solution File, Format Version 12.00
# Visual Studio Version 17
VisualStudioVersion = 17.2.32630.192
MinimumVisualStudioVersion = 10.0.40219.1
Project("{9A19103F-16F7-4668-BE54-9A1E7A4F7556}") = "F10Y.L0020.Construction", "F10Y.L0020.Construction\F10Y.L0020.Construction.csproj", "{E3E3AB84-1891-40D5-8C31-FA06B2C1CFDC}"
EndProject
Project("{9A19103F-16F7-4668-BE54-9A1E7A4F7556}") = "F10Y.L0020", "F10Y.L0020\F10Y.L0020.csproj", "{5BD1903C-170F-498F-9A8A-1326A6632FC6}"
EndProject
Project("{2150E333-8FDC-42A3-9474-1A3956D46DE8}") = "_Dependencies", "_Dependencies", "{6B94872A-E2DE-4893-A1FF-761407B97D50}"
EndProject
Project("{9A19103F-16F7-4668-BE54-9A1E7A4F7556}") = "F10Y.L0000", "..\..\F10Y.L0000\source\F10Y.L0000\F10Y.L0000.csproj", "{A2E3A69A-06EE-41D5-82BA-C4F78D0C4493}"
EndProject
Project("{9A19103F-16F7-4668-BE54-9A1E7A4F7556}") = "F10Y.T0000", "..\..\F10Y.T0000\source\F10Y.T0000\F10Y.T0000.csproj", "{46C94A03-2E89-4F29-8CA2-59C22742CA98}"
EndProject
Project("{9A19103F-16F7-4668-BE54-9A1E7A4F7556}") = "F10Y.T0001", "..\..\F10Y.T0001\source\F10Y.T0001\F10Y.T0001.csproj", "{E749717D-1FE1-4615-91DC-459E77D0DBCB}"
EndProject
Project("{9A19103F-16F7-4668-BE54-9A1E7A4F7556}") = "F10Y.T0002", "..\..\F10Y.T0002\source\F10Y.T0002\F10Y.T0002.csproj", "{1C140F9F-0E24-4C56-8797-A4D6F9F20E02}"
EndProject
Project("{9A19103F-16F7-4668-BE54-9A1E7A4F7556}") = "F10Y.T0003", "..\..\F10Y.T0003\source\F10Y.T0003\F10Y.T0003.csproj", "{43DDF078-6A49-4F1D-8E43-40048BEE9EC3}"
EndProject
Project("{9A19103F-16F7-4668-BE54-9A1E7A4F7556}") = "F10Y.T0004", "..\..\F10Y.T0004\source\F10Y.T0004\F10Y.T0004.csproj", "{0FB630B1-5683-452E-B719-E7ECD0A8D325}"
EndProject
Project("{9A19103F-16F7-4668-BE54-9A1E7A4F7556}") = "F10Y.T0011", "..\..\F10Y.T0011\source\F10Y.T0011\F10Y.T0011.csproj", "{962F42C9-22A7-44EC-9ECF-31F9757F0D8E}"
EndProject
Project("{9A19103F-16F7-4668-BE54-9A1E7A4F7556}") = "F10Y.Y0000", "..\..\F10Y.Y0000\source\F10Y.Y0000\F10Y.Y0000.csproj", "{243BB696-1283-490C-B771-57994282D209}"
EndProject
Project("{9A19103F-16F7-4668-BE54-9A1E7A4F7556}") = "F10Y.T0006", "..\..\F10Y.T0006\source\F10Y.T0006\F10Y.T0006.csproj", "{1D7F0F48-9F67-4DD1-A28E-1A67459A9F30}"
EndProject
Global
	GlobalSection(NestedProjects) = preSolution
		{A2E3A69A-06EE-41D5-82BA-C4F78D0C4493} = {6B94872A-E2DE-4893-A1FF-761407B97D50}
		{46C94A03-2E89-4F29-8CA2-59C22742CA98} = {6B94872A-E2DE-4893-A1FF-761407B97D50}
		{E749717D-1FE1-4615-91DC-459E77D0DBCB} = {6B94872A-E2DE-4893-A1FF-761407B97D50}
		{1C140F9F-0E24-4C56-8797-A4D6F9F20E02} = {6B94872A-E2DE-4893-A1FF-761407B97D50}
		{43DDF078-6A49-4F1D-8E43-40048BEE9EC3} = {6B94872A-E2DE-4893-A1FF-761407B97D50}
		{0FB630B1-5683-452E-B719-E7ECD0A8D325} = {6B94872A-E2DE-4893-A1FF-761407B97D50}
		{962F42C9-22A7-44EC-9ECF-31F9757F0D8E} = {6B94872A-E2DE-4893-A1FF-761407B97D50}
		{243BB696-1283-490C-B771-57994282D209} = {6B94872A-E2DE-4893-A1FF-761407B97D50}
		{1D7F0F48-9F67-4DD1-A28E-1A67459A9F30} = {6B94872A-E2DE-4893-A1FF-761407B97D50}
	EndGlobalSection
	GlobalSection(SolutionConfigurationPlatforms) = preSolution
		Debug|Any CPU = Debug|Any CPU
		Release|Any CPU = Release|Any CPU
	EndGlobalSection
	GlobalSection(ProjectConfigurationPlatforms) = postSolution
		{E3E3AB84-1891-40D5-8C31-FA06B2C1CFDC}.Debug|Any CPU.ActiveCfg = Debug|Any CPU
		{E3E3AB84-1891-40D5-8C31-FA06B2C1CFDC}.Debug|Any CPU.Build.0 = Debug|Any CPU
		{E3E3AB84-1891-40D5-8C31-FA06B2C1CFDC}.Release|Any CPU.ActiveCfg = Release|Any CPU
		{E3E3AB84-1891-40D5-8C31-FA06B2C1CFDC}.Release|Any CPU.Build.0 = Release|Any CPU
		{5BD1903C-170F-498F-9A8A-1326A6632FC6}.Debug|Any CPU.ActiveCfg = Debug|Any CPU
		{5BD1903C-170F-498F-9A8A-1326A6632FC6}.Debug|Any CPU.Build.0 = Debug|Any CPU
		{5BD1903C-170F-498F-9A8A-1326A6632FC6}.Release|Any CPU.ActiveCfg = Release|Any CPU
		{5BD1903C-170F-498F-9A8A-1326A6632FC6}.Release|Any CPU.Build.0 = Release|Any CPU
		{A2E3A69A-06EE-41D5-82BA-C4F78D0C4493}.Debug|Any CPU.ActiveCfg = Debug|Any CPU
		{A2E3A69A-06EE-41D5-82BA-C4F78D0C4493}.Debug|Any CPU.Build.0 = Debug|Any CPU
		{A2E3A69A-06EE-41D5-82BA-C4F78D0C4493}.Release|Any CPU.ActiveCfg = Release|Any CPU
		{A2E3A69A-06EE-41D5-82BA-C4F78D0C4493}.Release|Any CPU.Build.0 = Release|Any CPU
		{46C94A03-2E89-4F29-8CA2-59C22742CA98}.Debug|Any CPU.ActiveCfg = Debug|Any CPU
		{46C94A03-2E89-4F29-8CA2-59C22742CA98}.Debug|Any CPU.Build.0 = Debug|Any CPU
		{46C94A03-2E89-4F29-8CA2-59C22742CA98}.Release|Any CPU.ActiveCfg = Release|Any CPU
		{46C94A03-2E89-4F29-8CA2-59C22742CA98}.Release|Any CPU.Build.0 = Release|Any CPU
		{E749717D-1FE1-4615-91DC-459E77D0DBCB}.Debug|Any CPU.ActiveCfg = Debug|Any CPU
		{E749717D-1FE1-4615-91DC-459E77D0DBCB}.Debug|Any CPU.Build.0 = Debug|Any CPU
		{E749717D-1FE1-4615-91DC-459E77D0DBCB}.Release|Any CPU.ActiveCfg = Release|Any CPU
		{E749717D-1FE1-4615-91DC-459E77D0DBCB}.Release|Any CPU.Build.0 = Release|Any CPU
		{1C140F9F-0E24-4C56-8797-A4D6F9F20E02}.Debug|Any CPU.ActiveCfg = Debug|Any CPU
		{1C140F9F-0E24-4C56-8797-A4D6F9F20E02}.Debug|Any CPU.Build.0 = Debug|Any CPU
		{1C140F9F-0E24-4C56-8797-A4D6F9F20E02}.Release|Any CPU.ActiveCfg = Release|Any CPU
		{1C140F9F-0E24-4C56-8797-A4D6F9F20E02}.Release|Any CPU.Build.0 = Release|Any CPU
		{43DDF078-6A49-4F1D-8E43-40048BEE9EC3}.Debug|Any CPU.ActiveCfg = Debug|Any CPU
		{43DDF078-6A49-4F1D-8E43-40048BEE9EC3}.Debug|Any CPU.Build.0 = Debug|Any CPU
		{43DDF078-6A49-4F1D-8E43-40048BEE9EC3}.Release|Any CPU.ActiveCfg = Release|Any CPU
		{43DDF078-6A49-4F1D-8E43-40048BEE9EC3}.Release|Any CPU.Build.0 = Release|Any CPU
		{0FB630B1-5683-452E-B719-E7ECD0A8D325}.Debug|Any CPU.ActiveCfg = Debug|Any CPU
		{0FB630B1-5683-452E-B719-E7ECD0A8D325}.Debug|Any CPU.Build.0 = Debug|Any CPU
		{0FB630B1-5683-452E-B719-E7ECD0A8D325}.Release|Any CPU.ActiveCfg = Release|Any CPU
		{0FB630B1-5683-452E-B719-E7ECD0A8D325}.Release|Any CPU.Build.0 = Release|Any CPU
		{962F42C9-22A7-44EC-9ECF-31F9757F0D8E}.Debug|Any CPU.ActiveCfg = Debug|Any CPU
		{962F42C9-22A7-44EC-9ECF-31F9757F0D8E}.Debug|Any CPU.Build.0 = Debug|Any CPU
		{962F42C9-22A7-44EC-9ECF-31F9757F0D8E}.Release|Any CPU.ActiveCfg = Release|Any CPU
		{962F42C9-22A7-44EC-9ECF-31F9757F0D8E}.Release|Any CPU.Build.0 = Release|Any CPU
		{243BB696-1283-490C-B771-57994282D209}.Debug|Any CPU.ActiveCfg = Debug|Any CPU
		{243BB696-1283-490C-B771-57994282D209}.Debug|Any CPU.Build.0 = Debug|Any CPU
		{243BB696-1283-490C-B771-57994282D209}.Release|Any CPU.ActiveCfg = Release|Any CPU
		{243BB696-1283-490C-B771-57994282D209}.Release|Any CPU.Build.0 = Release|Any CPU
		{1D7F0F48-9F67-4DD1-A28E-1A67459A9F30}.Debug|Any CPU.ActiveCfg = Debug|Any CPU
		{1D7F0F48-9F67-4DD1-A28E-1A67459A9F30}.Debug|Any CPU.Build.0 = Debug|Any CPU
		{1D7F0F48-9F67-4DD1-A28E-1A67459A9F30}.Release|Any CPU.ActiveCfg = Release|Any CPU
		{1D7F0F48-9F67-4DD1-A28E-1A67459A9F30}.Release|Any CPU.Build.0 = Release|Any CPU
	EndGlobalSection
	GlobalSection(SolutionProperties) = preSolution
		HideSolutionNode = FALSE
	EndGlobalSection
	GlobalSection(ExtensibilityGlobals) = postSolution
		SolutionGuid = {218515CB-0B1C-4556-895D-29A2DA2E7103}
	EndGlobalSection
EndGlobal
