
Microsoft Visual Studio Solution File, Format Version 12.00
# Visual Studio Version 17
VisualStudioVersion = 17.2.32630.192
MinimumVisualStudioVersion = 10.0.40219.1
Project("{9A19103F-16F7-4668-BE54-9A1E7A4F7556}") = "F10Y.L0020", "F10Y.L0020\F10Y.L0020.csproj", "{7AA3A54C-2CB7-4482-9D92-5FF525D1F842}"
EndProject
Project("{2150E333-8FDC-42A3-9474-1A3956D46DE8}") = "_Dependencies", "_Dependencies", "{B9E8379C-8E71-483E-9AAD-82D5C0C738EB}"
EndProject
Project("{9A19103F-16F7-4668-BE54-9A1E7A4F7556}") = "F10Y.L0000", "..\..\F10Y.L0000\source\F10Y.L0000\F10Y.L0000.csproj", "{E561BA70-2A2A-443D-A5F7-B2EDB98E21B6}"
EndProject
Project("{9A19103F-16F7-4668-BE54-9A1E7A4F7556}") = "F10Y.T0000", "..\..\F10Y.T0000\source\F10Y.T0000\F10Y.T0000.csproj", "{3EDE32C2-C505-45DA-9194-1628C3B7F4C5}"
EndProject
Project("{9A19103F-16F7-4668-BE54-9A1E7A4F7556}") = "F10Y.T0001", "..\..\F10Y.T0001\source\F10Y.T0001\F10Y.T0001.csproj", "{F2A1A595-5162-42F4-9BAF-B974D2EE03DB}"
EndProject
Project("{9A19103F-16F7-4668-BE54-9A1E7A4F7556}") = "F10Y.T0002", "..\..\F10Y.T0002\source\F10Y.T0002\F10Y.T0002.csproj", "{630077E3-7B1D-4395-97DD-5913D9A1680A}"
EndProject
Project("{9A19103F-16F7-4668-BE54-9A1E7A4F7556}") = "F10Y.T0003", "..\..\F10Y.T0003\source\F10Y.T0003\F10Y.T0003.csproj", "{DB41C66F-CBF3-4FE6-9DFD-6CC4ED5F1FAE}"
EndProject
Project("{9A19103F-16F7-4668-BE54-9A1E7A4F7556}") = "F10Y.T0004", "..\..\F10Y.T0004\source\F10Y.T0004\F10Y.T0004.csproj", "{73A5B4B7-54A5-4F38-AFFF-18A1BE1F60AC}"
EndProject
Project("{9A19103F-16F7-4668-BE54-9A1E7A4F7556}") = "F10Y.T0011", "..\..\F10Y.T0011\source\F10Y.T0011\F10Y.T0011.csproj", "{CBE9DF16-0CCE-4BD8-B23C-D847A7E98112}"
EndProject
Project("{9A19103F-16F7-4668-BE54-9A1E7A4F7556}") = "F10Y.Y0000", "..\..\F10Y.Y0000\source\F10Y.Y0000\F10Y.Y0000.csproj", "{37D1F7F8-07CC-4B64-A48E-94A79630A11C}"
EndProject
Global
	GlobalSection(NestedProjects) = preSolution
		{E561BA70-2A2A-443D-A5F7-B2EDB98E21B6} = {B9E8379C-8E71-483E-9AAD-82D5C0C738EB}
		{3EDE32C2-C505-45DA-9194-1628C3B7F4C5} = {B9E8379C-8E71-483E-9AAD-82D5C0C738EB}
		{F2A1A595-5162-42F4-9BAF-B974D2EE03DB} = {B9E8379C-8E71-483E-9AAD-82D5C0C738EB}
		{630077E3-7B1D-4395-97DD-5913D9A1680A} = {B9E8379C-8E71-483E-9AAD-82D5C0C738EB}
		{DB41C66F-CBF3-4FE6-9DFD-6CC4ED5F1FAE} = {B9E8379C-8E71-483E-9AAD-82D5C0C738EB}
		{73A5B4B7-54A5-4F38-AFFF-18A1BE1F60AC} = {B9E8379C-8E71-483E-9AAD-82D5C0C738EB}
		{CBE9DF16-0CCE-4BD8-B23C-D847A7E98112} = {B9E8379C-8E71-483E-9AAD-82D5C0C738EB}
		{37D1F7F8-07CC-4B64-A48E-94A79630A11C} = {B9E8379C-8E71-483E-9AAD-82D5C0C738EB}
	EndGlobalSection
	GlobalSection(SolutionConfigurationPlatforms) = preSolution
		Debug|Any CPU = Debug|Any CPU
		Release|Any CPU = Release|Any CPU
	EndGlobalSection
	GlobalSection(ProjectConfigurationPlatforms) = postSolution
		{7AA3A54C-2CB7-4482-9D92-5FF525D1F842}.Debug|Any CPU.ActiveCfg = Debug|Any CPU
		{7AA3A54C-2CB7-4482-9D92-5FF525D1F842}.Debug|Any CPU.Build.0 = Debug|Any CPU
		{7AA3A54C-2CB7-4482-9D92-5FF525D1F842}.Release|Any CPU.ActiveCfg = Release|Any CPU
		{7AA3A54C-2CB7-4482-9D92-5FF525D1F842}.Release|Any CPU.Build.0 = Release|Any CPU
		{E561BA70-2A2A-443D-A5F7-B2EDB98E21B6}.Debug|Any CPU.ActiveCfg = Debug|Any CPU
		{E561BA70-2A2A-443D-A5F7-B2EDB98E21B6}.Debug|Any CPU.Build.0 = Debug|Any CPU
		{E561BA70-2A2A-443D-A5F7-B2EDB98E21B6}.Release|Any CPU.ActiveCfg = Release|Any CPU
		{E561BA70-2A2A-443D-A5F7-B2EDB98E21B6}.Release|Any CPU.Build.0 = Release|Any CPU
		{3EDE32C2-C505-45DA-9194-1628C3B7F4C5}.Debug|Any CPU.ActiveCfg = Debug|Any CPU
		{3EDE32C2-C505-45DA-9194-1628C3B7F4C5}.Debug|Any CPU.Build.0 = Debug|Any CPU
		{3EDE32C2-C505-45DA-9194-1628C3B7F4C5}.Release|Any CPU.ActiveCfg = Release|Any CPU
		{3EDE32C2-C505-45DA-9194-1628C3B7F4C5}.Release|Any CPU.Build.0 = Release|Any CPU
		{F2A1A595-5162-42F4-9BAF-B974D2EE03DB}.Debug|Any CPU.ActiveCfg = Debug|Any CPU
		{F2A1A595-5162-42F4-9BAF-B974D2EE03DB}.Debug|Any CPU.Build.0 = Debug|Any CPU
		{F2A1A595-5162-42F4-9BAF-B974D2EE03DB}.Release|Any CPU.ActiveCfg = Release|Any CPU
		{F2A1A595-5162-42F4-9BAF-B974D2EE03DB}.Release|Any CPU.Build.0 = Release|Any CPU
		{630077E3-7B1D-4395-97DD-5913D9A1680A}.Debug|Any CPU.ActiveCfg = Debug|Any CPU
		{630077E3-7B1D-4395-97DD-5913D9A1680A}.Debug|Any CPU.Build.0 = Debug|Any CPU
		{630077E3-7B1D-4395-97DD-5913D9A1680A}.Release|Any CPU.ActiveCfg = Release|Any CPU
		{630077E3-7B1D-4395-97DD-5913D9A1680A}.Release|Any CPU.Build.0 = Release|Any CPU
		{DB41C66F-CBF3-4FE6-9DFD-6CC4ED5F1FAE}.Debug|Any CPU.ActiveCfg = Debug|Any CPU
		{DB41C66F-CBF3-4FE6-9DFD-6CC4ED5F1FAE}.Debug|Any CPU.Build.0 = Debug|Any CPU
		{DB41C66F-CBF3-4FE6-9DFD-6CC4ED5F1FAE}.Release|Any CPU.ActiveCfg = Release|Any CPU
		{DB41C66F-CBF3-4FE6-9DFD-6CC4ED5F1FAE}.Release|Any CPU.Build.0 = Release|Any CPU
		{73A5B4B7-54A5-4F38-AFFF-18A1BE1F60AC}.Debug|Any CPU.ActiveCfg = Debug|Any CPU
		{73A5B4B7-54A5-4F38-AFFF-18A1BE1F60AC}.Debug|Any CPU.Build.0 = Debug|Any CPU
		{73A5B4B7-54A5-4F38-AFFF-18A1BE1F60AC}.Release|Any CPU.ActiveCfg = Release|Any CPU
		{73A5B4B7-54A5-4F38-AFFF-18A1BE1F60AC}.Release|Any CPU.Build.0 = Release|Any CPU
		{CBE9DF16-0CCE-4BD8-B23C-D847A7E98112}.Debug|Any CPU.ActiveCfg = Debug|Any CPU
		{CBE9DF16-0CCE-4BD8-B23C-D847A7E98112}.Debug|Any CPU.Build.0 = Debug|Any CPU
		{CBE9DF16-0CCE-4BD8-B23C-D847A7E98112}.Release|Any CPU.ActiveCfg = Release|Any CPU
		{CBE9DF16-0CCE-4BD8-B23C-D847A7E98112}.Release|Any CPU.Build.0 = Release|Any CPU
		{37D1F7F8-07CC-4B64-A48E-94A79630A11C}.Debug|Any CPU.ActiveCfg = Debug|Any CPU
		{37D1F7F8-07CC-4B64-A48E-94A79630A11C}.Debug|Any CPU.Build.0 = Debug|Any CPU
		{37D1F7F8-07CC-4B64-A48E-94A79630A11C}.Release|Any CPU.ActiveCfg = Release|Any CPU
		{37D1F7F8-07CC-4B64-A48E-94A79630A11C}.Release|Any CPU.Build.0 = Release|Any CPU
	EndGlobalSection
	GlobalSection(SolutionProperties) = preSolution
		HideSolutionNode = FALSE
	EndGlobalSection
	GlobalSection(ExtensibilityGlobals) = postSolution
		SolutionGuid = {6906846F-BCA3-43CC-AC11-7D2D5B5B0A5A}
	EndGlobalSection
EndGlobal
